
Microsoft Visual Studio Solution File, Format Version 12.00
# Visual Studio 15
VisualStudioVersion = 15.0.28307.1259
MinimumVisualStudioVersion = 10.0.40219.1
Project("{FAE04EC0-301F-11D3-BF4B-00C04F79EFBC}") = "Lab2", "Lab2\Lab2.csproj", "{22C87750-486B-406B-9CA5-95DD215F074A}"
EndProject
Global
	GlobalSection(SolutionConfigurationPlatforms) = preSolution
		Debug|Any CPU = Debug|Any CPU
		Release|Any CPU = Release|Any CPU
	EndGlobalSection
	GlobalSection(ProjectConfigurationPlatforms) = postSolution
		{22C87750-486B-406B-9CA5-95DD215F074A}.Debug|Any CPU.ActiveCfg = Debug|Any CPU
		{22C87750-486B-406B-9CA5-95DD215F074A}.Debug|Any CPU.Build.0 = Debug|Any CPU
		{22C87750-486B-406B-9CA5-95DD215F074A}.Release|Any CPU.ActiveCfg = Release|Any CPU
		{22C87750-486B-406B-9CA5-95DD215F074A}.Release|Any CPU.Build.0 = Release|Any CPU
	EndGlobalSection
	GlobalSection(SolutionProperties) = preSolution
		HideSolutionNode = FALSE
	EndGlobalSection
	GlobalSection(ExtensibilityGlobals) = postSolution
		SolutionGuid = {AE26996F-ADE5-4A43-A269-526421879F2B}
	EndGlobalSection
EndGlobal
